
Microsoft Visual Studio Solution File, Format Version 12.00
# Visual Studio Version 17
VisualStudioVersion = 17.3.32922.545
MinimumVisualStudioVersion = 10.0.40219.1
Project("{FAE04EC0-301F-11D3-BF4B-00C04F79EFBC}") = "aula7", "aula7\aula7.csproj", "{99DBB096-77E5-4F88-82EB-8902515974BE}"
EndProject
Project("{FAE04EC0-301F-11D3-BF4B-00C04F79EFBC}") = "WindowsFormsApp1", "WindowsFormsApp1\WindowsFormsApp1.csproj", "{9BB29DCD-3DED-4398-9FAC-7E2942060EC9}"
EndProject
Global
	GlobalSection(SolutionConfigurationPlatforms) = preSolution
		Debug|Any CPU = Debug|Any CPU
		Release|Any CPU = Release|Any CPU
	EndGlobalSection
	GlobalSection(ProjectConfigurationPlatforms) = postSolution
		{99DBB096-77E5-4F88-82EB-8902515974BE}.Debug|Any CPU.ActiveCfg = Debug|Any CPU
		{99DBB096-77E5-4F88-82EB-8902515974BE}.Debug|Any CPU.Build.0 = Debug|Any CPU
		{99DBB096-77E5-4F88-82EB-8902515974BE}.Release|Any CPU.ActiveCfg = Release|Any CPU
		{99DBB096-77E5-4F88-82EB-8902515974BE}.Release|Any CPU.Build.0 = Release|Any CPU
		{9BB29DCD-3DED-4398-9FAC-7E2942060EC9}.Debug|Any CPU.ActiveCfg = Debug|Any CPU
		{9BB29DCD-3DED-4398-9FAC-7E2942060EC9}.Debug|Any CPU.Build.0 = Debug|Any CPU
		{9BB29DCD-3DED-4398-9FAC-7E2942060EC9}.Release|Any CPU.ActiveCfg = Release|Any CPU
		{9BB29DCD-3DED-4398-9FAC-7E2942060EC9}.Release|Any CPU.Build.0 = Release|Any CPU
	EndGlobalSection
	GlobalSection(SolutionProperties) = preSolution
		HideSolutionNode = FALSE
	EndGlobalSection
	GlobalSection(ExtensibilityGlobals) = postSolution
		SolutionGuid = {C66EBB17-0EAE-4485-A55D-954B48708EA6}
	EndGlobalSection
EndGlobal
